// !$*UTF8*$!
{
	archiveVersion = 1;
	classes = {
	};
	objectVersion = 56;
	objects = {

/* Begin PBXBuildFile section */
		4D6B5A3828DBF87800EF3345 /* AppDelegate.swift in Sources */ = {isa = PBXBuildFile; fileRef = 4D6B5A3728DBF87800EF3345 /* AppDelegate.swift */; };
		4D6B5A3A28DBF87800EF3345 /* SceneDelegate.swift in Sources */ = {isa = PBXBuildFile; fileRef = 4D6B5A3928DBF87800EF3345 /* SceneDelegate.swift */; };
		4D6B5A3C28DBF87800EF3345 /* ViewController.swift in Sources */ = {isa = PBXBuildFile; fileRef = 4D6B5A3B28DBF87800EF3345 /* ViewController.swift */; };
		4D6B5A3F28DBF87800EF3345 /* Main.storyboard in Resources */ = {isa = PBXBuildFile; fileRef = 4D6B5A3D28DBF87800EF3345 /* Main.storyboard */; };
		4D6B5A4128DBF87A00EF3345 /* Assets.xcassets in Resources */ = {isa = PBXBuildFile; fileRef = 4D6B5A4028DBF87A00EF3345 /* Assets.xcassets */; };
		4D6B5A4428DBF87A00EF3345 /* LaunchScreen.storyboard in Resources */ = {isa = PBXBuildFile; fileRef = 4D6B5A4228DBF87A00EF3345 /* LaunchScreen.storyboard */; };
		4D6B5A4F28DBF87A00EF3345 /* TestingDemoTests.swift in Sources */ = {isa = PBXBuildFile; fileRef = 4D6B5A4E28DBF87A00EF3345 /* TestingDemoTests.swift */; };
		4D6B5A5928DBF87A00EF3345 /* TestingDemoUITests.swift in Sources */ = {isa = PBXBuildFile; fileRef = 4D6B5A5828DBF87A00EF3345 /* TestingDemoUITests.swift */; };
		4D6B5A5B28DBF87A00EF3345 /* TestingDemoUITestsLaunchTests.swift in Sources */ = {isa = PBXBuildFile; fileRef = 4D6B5A5A28DBF87A00EF3345 /* TestingDemoUITestsLaunchTests.swift */; };
		4D6B5A6928DBF89500EF3345 /* Quote.swift in Sources */ = {isa = PBXBuildFile; fileRef = 4D6B5A6828DBF89500EF3345 /* Quote.swift */; };
		4D6B5A6B28DBF8A400EF3345 /* QuoteService.swift in Sources */ = {isa = PBXBuildFile; fileRef = 4D6B5A6A28DBF8A400EF3345 /* QuoteService.swift */; };
/* End PBXBuildFile section */

/* Begin PBXContainerItemProxy section */
		4D6B5A4B28DBF87A00EF3345 /* PBXContainerItemProxy */ = {
			isa = PBXContainerItemProxy;
			containerPortal = 4D6B5A2C28DBF87800EF3345 /* Project object */;
			proxyType = 1;
			remoteGlobalIDString = 4D6B5A3328DBF87800EF3345;
			remoteInfo = TestingDemo;
		};
		4D6B5A5528DBF87A00EF3345 /* PBXContainerItemProxy */ = {
			isa = PBXContainerItemProxy;
			containerPortal = 4D6B5A2C28DBF87800EF3345 /* Project object */;
			proxyType = 1;
			remoteGlobalIDString = 4D6B5A3328DBF87800EF3345;
			remoteInfo = TestingDemo;
		};
/* End PBXContainerItemProxy section */

/* Begin PBXFileReference section */
		4D6B5A3428DBF87800EF3345 /* TestingDemo.app */ = {isa = PBXFileReference; explicitFileType = wrapper.application; includeInIndex = 0; path = TestingDemo.app; sourceTree = BUILT_PRODUCTS_DIR; };
		4D6B5A3728DBF87800EF3345 /* AppDelegate.swift */ = {isa = PBXFileReference; lastKnownFileType = sourcecode.swift; path = AppDelegate.swift; sourceTree = "<group>"; };
		4D6B5A3928DBF87800EF3345 /* SceneDelegate.swift */ = {isa = PBXFileReference; lastKnownFileType = sourcecode.swift; path = SceneDelegate.swift; sourceTree = "<group>"; };
		4D6B5A3B28DBF87800EF3345 /* ViewController.swift */ = {isa = PBXFileReference; lastKnownFileType = sourcecode.swift; path = ViewController.swift; sourceTree = "<group>"; };
		4D6B5A3E28DBF87800EF3345 /* Base */ = {isa = PBXFileReference; lastKnownFileType = file.storyboard; name = Base; path = Base.lproj/Main.storyboard; sourceTree = "<group>"; };
		4D6B5A4028DBF87A00EF3345 /* Assets.xcassets */ = {isa = PBXFileReference; lastKnownFileType = folder.assetcatalog; path = Assets.xcassets; sourceTree = "<group>"; };
		4D6B5A4328DBF87A00EF3345 /* Base */ = {isa = PBXFileReference; lastKnownFileType = file.storyboard; name = Base; path = Base.lproj/LaunchScreen.storyboard; sourceTree = "<group>"; };
		4D6B5A4528DBF87A00EF3345 /* Info.plist */ = {isa = PBXFileReference; lastKnownFileType = text.plist.xml; path = Info.plist; sourceTree = "<group>"; };
		4D6B5A4A28DBF87A00EF3345 /* TestingDemoTests.xctest */ = {isa = PBXFileReference; explicitFileType = wrapper.cfbundle; includeInIndex = 0; path = TestingDemoTests.xctest; sourceTree = BUILT_PRODUCTS_DIR; };
		4D6B5A4E28DBF87A00EF3345 /* TestingDemoTests.swift */ = {isa = PBXFileReference; lastKnownFileType = sourcecode.swift; path = TestingDemoTests.swift; sourceTree = "<group>"; };
		4D6B5A5428DBF87A00EF3345 /* TestingDemoUITests.xctest */ = {isa = PBXFileReference; explicitFileType = wrapper.cfbundle; includeInIndex = 0; path = TestingDemoUITests.xctest; sourceTree = BUILT_PRODUCTS_DIR; };
		4D6B5A5828DBF87A00EF3345 /* TestingDemoUITests.swift */ = {isa = PBXFileReference; lastKnownFileType = sourcecode.swift; path = TestingDemoUITests.swift; sourceTree = "<group>"; };
		4D6B5A5A28DBF87A00EF3345 /* TestingDemoUITestsLaunchTests.swift */ = {isa = PBXFileReference; lastKnownFileType = sourcecode.swift; path = TestingDemoUITestsLaunchTests.swift; sourceTree = "<group>"; };
		4D6B5A6828DBF89500EF3345 /* Quote.swift */ = {isa = PBXFileReference; lastKnownFileType = sourcecode.swift; path = Quote.swift; sourceTree = "<group>"; };
		4D6B5A6A28DBF8A400EF3345 /* QuoteService.swift */ = {isa = PBXFileReference; lastKnownFileType = sourcecode.swift; path = QuoteService.swift; sourceTree = "<group>"; };
/* End PBXFileReference section */

/* Begin PBXFrameworksBuildPhase section */
		4D6B5A3128DBF87800EF3345 /* Frameworks */ = {
			isa = PBXFrameworksBuildPhase;
			buildActionMask = 2147483647;
			files = (
			);
			runOnlyForDeploymentPostprocessing = 0;
		};
		4D6B5A4728DBF87A00EF3345 /* Frameworks */ = {
			isa = PBXFrameworksBuildPhase;
			buildActionMask = 2147483647;
			files = (
			);
			runOnlyForDeploymentPostprocessing = 0;
		};
		4D6B5A5128DBF87A00EF3345 /* Frameworks */ = {
			isa = PBXFrameworksBuildPhase;
			buildActionMask = 2147483647;
			files = (
			);
			runOnlyForDeploymentPostprocessing = 0;
		};
/* End PBXFrameworksBuildPhase section */

/* Begin PBXGroup section */
		4D6B5A2B28DBF87800EF3345 = {
			isa = PBXGroup;
			children = (
				4D6B5A3628DBF87800EF3345 /* TestingDemo */,
				4D6B5A4D28DBF87A00EF3345 /* TestingDemoTests */,
				4D6B5A5728DBF87A00EF3345 /* TestingDemoUITests */,
				4D6B5A3528DBF87800EF3345 /* Products */,
			);
			sourceTree = "<group>";
		};
		4D6B5A3528DBF87800EF3345 /* Products */ = {
			isa = PBXGroup;
			children = (
				4D6B5A3428DBF87800EF3345 /* TestingDemo.app */,
				4D6B5A4A28DBF87A00EF3345 /* TestingDemoTests.xctest */,
				4D6B5A5428DBF87A00EF3345 /* TestingDemoUITests.xctest */,
			);
			name = Products;
			sourceTree = "<group>";
		};
		4D6B5A3628DBF87800EF3345 /* TestingDemo */ = {
			isa = PBXGroup;
			children = (
				4D6B5A6728DBF88800EF3345 /* Model */,
				4D6B5A3728DBF87800EF3345 /* AppDelegate.swift */,
				4D6B5A3928DBF87800EF3345 /* SceneDelegate.swift */,
				4D6B5A3B28DBF87800EF3345 /* ViewController.swift */,
				4D6B5A3D28DBF87800EF3345 /* Main.storyboard */,
				4D6B5A4028DBF87A00EF3345 /* Assets.xcassets */,
				4D6B5A4228DBF87A00EF3345 /* LaunchScreen.storyboard */,
				4D6B5A4528DBF87A00EF3345 /* Info.plist */,
			);
			path = TestingDemo;
			sourceTree = "<group>";
		};
		4D6B5A4D28DBF87A00EF3345 /* TestingDemoTests */ = {
			isa = PBXGroup;
			children = (
				4D6B5A4E28DBF87A00EF3345 /* TestingDemoTests.swift */,
			);
			path = TestingDemoTests;
			sourceTree = "<group>";
		};
		4D6B5A5728DBF87A00EF3345 /* TestingDemoUITests */ = {
			isa = PBXGroup;
			children = (
				4D6B5A5828DBF87A00EF3345 /* TestingDemoUITests.swift */,
				4D6B5A5A28DBF87A00EF3345 /* TestingDemoUITestsLaunchTests.swift */,
			);
			path = TestingDemoUITests;
			sourceTree = "<group>";
		};
		4D6B5A6728DBF88800EF3345 /* Model */ = {
			isa = PBXGroup;
			children = (
				4D6B5A6828DBF89500EF3345 /* Quote.swift */,
				4D6B5A6A28DBF8A400EF3345 /* QuoteService.swift */,
			);
			path = Model;
			sourceTree = "<group>";
		};
/* End PBXGroup section */

/* Begin PBXNativeTarget section */
		4D6B5A3328DBF87800EF3345 /* TestingDemo */ = {
			isa = PBXNativeTarget;
			buildConfigurationList = 4D6B5A5E28DBF87A00EF3345 /* Build configuration list for PBXNativeTarget "TestingDemo" */;
			buildPhases = (
				4D6B5A3028DBF87800EF3345 /* Sources */,
				4D6B5A3128DBF87800EF3345 /* Frameworks */,
				4D6B5A3228DBF87800EF3345 /* Resources */,
			);
			buildRules = (
			);
			dependencies = (
			);
			name = TestingDemo;
			productName = TestingDemo;
			productReference = 4D6B5A3428DBF87800EF3345 /* TestingDemo.app */;
			productType = "com.apple.product-type.application";
		};
		4D6B5A4928DBF87A00EF3345 /* TestingDemoTests */ = {
			isa = PBXNativeTarget;
			buildConfigurationList = 4D6B5A6128DBF87A00EF3345 /* Build configuration list for PBXNativeTarget "TestingDemoTests" */;
			buildPhases = (
				4D6B5A4628DBF87A00EF3345 /* Sources */,
				4D6B5A4728DBF87A00EF3345 /* Frameworks */,
				4D6B5A4828DBF87A00EF3345 /* Resources */,
			);
			buildRules = (
			);
			dependencies = (
				4D6B5A4C28DBF87A00EF3345 /* PBXTargetDependency */,
			);
			name = TestingDemoTests;
			productName = TestingDemoTests;
			productReference = 4D6B5A4A28DBF87A00EF3345 /* TestingDemoTests.xctest */;
			productType = "com.apple.product-type.bundle.unit-test";
		};
		4D6B5A5328DBF87A00EF3345 /* TestingDemoUITests */ = {
			isa = PBXNativeTarget;
			buildConfigurationList = 4D6B5A6428DBF87A00EF3345 /* Build configuration list for PBXNativeTarget "TestingDemoUITests" */;
			buildPhases = (
				4D6B5A5028DBF87A00EF3345 /* Sources */,
				4D6B5A5128DBF87A00EF3345 /* Frameworks */,
				4D6B5A5228DBF87A00EF3345 /* Resources */,
			);
			buildRules = (
			);
			dependencies = (
				4D6B5A5628DBF87A00EF3345 /* PBXTargetDependency */,
			);
			name = TestingDemoUITests;
			productName = TestingDemoUITests;
			productReference = 4D6B5A5428DBF87A00EF3345 /* TestingDemoUITests.xctest */;
			productType = "com.apple.product-type.bundle.ui-testing";
		};
/* End PBXNativeTarget section */

/* Begin PBXProject section */
		4D6B5A2C28DBF87800EF3345 /* Project object */ = {
			isa = PBXProject;
			attributes = {
				BuildIndependentTargetsInParallel = 1;
				LastSwiftUpdateCheck = 1400;
				LastUpgradeCheck = 1400;
				TargetAttributes = {
					4D6B5A3328DBF87800EF3345 = {
						CreatedOnToolsVersion = 14.0;
					};
					4D6B5A4928DBF87A00EF3345 = {
						CreatedOnToolsVersion = 14.0;
						TestTargetID = 4D6B5A3328DBF87800EF3345;
					};
					4D6B5A5328DBF87A00EF3345 = {
						CreatedOnToolsVersion = 14.0;
						TestTargetID = 4D6B5A3328DBF87800EF3345;
					};
				};
			};
			buildConfigurationList = 4D6B5A2F28DBF87800EF3345 /* Build configuration list for PBXProject "TestingDemo" */;
			compatibilityVersion = "Xcode 14.0";
			developmentRegion = en;
			hasScannedForEncodings = 0;
			knownRegions = (
				en,
				Base,
			);
			mainGroup = 4D6B5A2B28DBF87800EF3345;
			productRefGroup = 4D6B5A3528DBF87800EF3345 /* Products */;
			projectDirPath = "";
			projectRoot = "";
			targets = (
				4D6B5A3328DBF87800EF3345 /* TestingDemo */,
				4D6B5A4928DBF87A00EF3345 /* TestingDemoTests */,
				4D6B5A5328DBF87A00EF3345 /* TestingDemoUITests */,
			);
		};
/* End PBXProject section */

/* Begin PBXResourcesBuildPhase section */
		4D6B5A3228DBF87800EF3345 /* Resources */ = {
			isa = PBXResourcesBuildPhase;
			buildActionMask = 2147483647;
			files = (
				4D6B5A4428DBF87A00EF3345 /* LaunchScreen.storyboard in Resources */,
				4D6B5A4128DBF87A00EF3345 /* Assets.xcassets in Resources */,
				4D6B5A3F28DBF87800EF3345 /* Main.storyboard in Resources */,
			);
			runOnlyForDeploymentPostprocessing = 0;
		};
		4D6B5A4828DBF87A00EF3345 /* Resources */ = {
			isa = PBXResourcesBuildPhase;
			buildActionMask = 2147483647;
			files = (
			);
			runOnlyForDeploymentPostprocessing = 0;
		};
		4D6B5A5228DBF87A00EF3345 /* Resources */ = {
			isa = PBXResourcesBuildPhase;
			buildActionMask = 2147483647;
			files = (
			);
			runOnlyForDeploymentPostprocessing = 0;
		};
/* End PBXResourcesBuildPhase section */

/* Begin PBXSourcesBuildPhase section */
		4D6B5A3028DBF87800EF3345 /* Sources */ = {
			isa = PBXSourcesBuildPhase;
			buildActionMask = 2147483647;
			files = (
				4D6B5A6928DBF89500EF3345 /* Quote.swift in Sources */,
				4D6B5A3C28DBF87800EF3345 /* ViewController.swift in Sources */,
				4D6B5A6B28DBF8A400EF3345 /* QuoteService.swift in Sources */,
				4D6B5A3828DBF87800EF3345 /* AppDelegate.swift in Sources */,
				4D6B5A3A28DBF87800EF3345 /* SceneDelegate.swift in Sources */,
			);
			runOnlyForDeploymentPostprocessing = 0;
		};
		4D6B5A4628DBF87A00EF3345 /* Sources */ = {
			isa = PBXSourcesBuildPhase;
			buildActionMask = 2147483647;
			files = (
				4D6B5A4F28DBF87A00EF3345 /* TestingDemoTests.swift in Sources */,
			);
			runOnlyForDeploymentPostprocessing = 0;
		};
		4D6B5A5028DBF87A00EF3345 /* Sources */ = {
			isa = PBXSourcesBuildPhase;
			buildActionMask = 2147483647;
			files = (
				4D6B5A5B28DBF87A00EF3345 /* TestingDemoUITestsLaunchTests.swift in Sources */,
				4D6B5A5928DBF87A00EF3345 /* TestingDemoUITests.swift in Sources */,
			);
			runOnlyForDeploymentPostprocessing = 0;
		};
/* End PBXSourcesBuildPhase section */

/* Begin PBXTargetDependency section */
		4D6B5A4C28DBF87A00EF3345 /* PBXTargetDependency */ = {
			isa = PBXTargetDependency;
			target = 4D6B5A3328DBF87800EF3345 /* TestingDemo */;
			targetProxy = 4D6B5A4B28DBF87A00EF3345 /* PBXContainerItemProxy */;
		};
		4D6B5A5628DBF87A00EF3345 /* PBXTargetDependency */ = {
			isa = PBXTargetDependency;
			target = 4D6B5A3328DBF87800EF3345 /* TestingDemo */;
			targetProxy = 4D6B5A5528DBF87A00EF3345 /* PBXContainerItemProxy */;
		};
/* End PBXTargetDependency section */

/* Begin PBXVariantGroup section */
		4D6B5A3D28DBF87800EF3345 /* Main.storyboard */ = {
			isa = PBXVariantGroup;
			children = (
				4D6B5A3E28DBF87800EF3345 /* Base */,
			);
			name = Main.storyboard;
			sourceTree = "<group>";
		};
		4D6B5A4228DBF87A00EF3345 /* LaunchScreen.storyboard */ = {
			isa = PBXVariantGroup;
			children = (
				4D6B5A4328DBF87A00EF3345 /* Base */,
			);
			name = LaunchScreen.storyboard;
			sourceTree = "<group>";
		};
/* End PBXVariantGroup section */

/* Begin XCBuildConfiguration section */
		4D6B5A5C28DBF87A00EF3345 /* Debug */ = {
			isa = XCBuildConfiguration;
			buildSettings = {
				ALWAYS_SEARCH_USER_PATHS = NO;
				CLANG_ANALYZER_NONNULL = YES;
				CLANG_ANALYZER_NUMBER_OBJECT_CONVERSION = YES_AGGRESSIVE;
				CLANG_CXX_LANGUAGE_STANDARD = "gnu++20";
				CLANG_ENABLE_MODULES = YES;
				CLANG_ENABLE_OBJC_ARC = YES;
				CLANG_ENABLE_OBJC_WEAK = YES;
				CLANG_WARN_BLOCK_CAPTURE_AUTORELEASING = YES;
				CLANG_WARN_BOOL_CONVERSION = YES;
				CLANG_WARN_COMMA = YES;
				CLANG_WARN_CONSTANT_CONVERSION = YES;
				CLANG_WARN_DEPRECATED_OBJC_IMPLEMENTATIONS = YES;
				CLANG_WARN_DIRECT_OBJC_ISA_USAGE = YES_ERROR;
				CLANG_WARN_DOCUMENTATION_COMMENTS = YES;
				CLANG_WARN_EMPTY_BODY = YES;
				CLANG_WARN_ENUM_CONVERSION = YES;
				CLANG_WARN_INFINITE_RECURSION = YES;
				CLANG_WARN_INT_CONVERSION = YES;
				CLANG_WARN_NON_LITERAL_NULL_CONVERSION = YES;
				CLANG_WARN_OBJC_IMPLICIT_RETAIN_SELF = YES;
				CLANG_WARN_OBJC_LITERAL_CONVERSION = YES;
				CLANG_WARN_OBJC_ROOT_CLASS = YES_ERROR;
				CLANG_WARN_QUOTED_INCLUDE_IN_FRAMEWORK_HEADER = YES;
				CLANG_WARN_RANGE_LOOP_ANALYSIS = YES;
				CLANG_WARN_STRICT_PROTOTYPES = YES;
				CLANG_WARN_SUSPICIOUS_MOVE = YES;
				CLANG_WARN_UNGUARDED_AVAILABILITY = YES_AGGRESSIVE;
				CLANG_WARN_UNREACHABLE_CODE = YES;
				CLANG_WARN__DUPLICATE_METHOD_MATCH = YES;
				COPY_PHASE_STRIP = NO;
				DEBUG_INFORMATION_FORMAT = dwarf;
				ENABLE_STRICT_OBJC_MSGSEND = YES;
				ENABLE_TESTABILITY = YES;
				GCC_C_LANGUAGE_STANDARD = gnu11;
				GCC_DYNAMIC_NO_PIC = NO;
				GCC_NO_COMMON_BLOCKS = YES;
				GCC_OPTIMIZATION_LEVEL = 0;
				GCC_PREPROCESSOR_DEFINITIONS = (
					"DEBUG=1",
					"$(inherited)",
				);
				GCC_WARN_64_TO_32_BIT_CONVERSION = YES;
				GCC_WARN_ABOUT_RETURN_TYPE = YES_ERROR;
				GCC_WARN_UNDECLARED_SELECTOR = YES;
				GCC_WARN_UNINITIALIZED_AUTOS = YES_AGGRESSIVE;
				GCC_WARN_UNUSED_FUNCTION = YES;
				GCC_WARN_UNUSED_VARIABLE = YES;
				IPHONEOS_DEPLOYMENT_TARGET = 16.0;
				MTL_ENABLE_DEBUG_INFO = INCLUDE_SOURCE;
				MTL_FAST_MATH = YES;
				ONLY_ACTIVE_ARCH = YES;
				SDKROOT = iphoneos;
				SWIFT_ACTIVE_COMPILATION_CONDITIONS = DEBUG;
				SWIFT_OPTIMIZATION_LEVEL = "-Onone";
			};
			name = Debug;
		};
		4D6B5A5D28DBF87A00EF3345 /* Release */ = {
			isa = XCBuildConfiguration;
			buildSettings = {
				ALWAYS_SEARCH_USER_PATHS = NO;
				CLANG_ANALYZER_NONNULL = YES;
				CLANG_ANALYZER_NUMBER_OBJECT_CONVERSION = YES_AGGRESSIVE;
				CLANG_CXX_LANGUAGE_STANDARD = "gnu++20";
				CLANG_ENABLE_MODULES = YES;
				CLANG_ENABLE_OBJC_ARC = YES;
				CLANG_ENABLE_OBJC_WEAK = YES;
				CLANG_WARN_BLOCK_CAPTURE_AUTORELEASING = YES;
				CLANG_WARN_BOOL_CONVERSION = YES;
				CLANG_WARN_COMMA = YES;
				CLANG_WARN_CONSTANT_CONVERSION = YES;
				CLANG_WARN_DEPRECATED_OBJC_IMPLEMENTATIONS = YES;
				CLANG_WARN_DIRECT_OBJC_ISA_USAGE = YES_ERROR;
				CLANG_WARN_DOCUMENTATION_COMMENTS = YES;
				CLANG_WARN_EMPTY_BODY = YES;
				CLANG_WARN_ENUM_CONVERSION = YES;
				CLANG_WARN_INFINITE_RECURSION = YES;
				CLANG_WARN_INT_CONVERSION = YES;
				CLANG_WARN_NON_LITERAL_NULL_CONVERSION = YES;
				CLANG_WARN_OBJC_IMPLICIT_RETAIN_SELF = YES;
				CLANG_WARN_OBJC_LITERAL_CONVERSION = YES;
				CLANG_WARN_OBJC_ROOT_CLASS = YES_ERROR;
				CLANG_WARN_QUOTED_INCLUDE_IN_FRAMEWORK_HEADER = YES;
				CLANG_WARN_RANGE_LOOP_ANALYSIS = YES;
				CLANG_WARN_STRICT_PROTOTYPES = YES;
				CLANG_WARN_SUSPICIOUS_MOVE = YES;
				CLANG_WARN_UNGUARDED_AVAILABILITY = YES_AGGRESSIVE;
				CLANG_WARN_UNREACHABLE_CODE = YES;
				CLANG_WARN__DUPLICATE_METHOD_MATCH = YES;
				COPY_PHASE_STRIP = NO;
				DEBUG_INFORMATION_FORMAT = "dwarf-with-dsym";
				ENABLE_NS_ASSERTIONS = NO;
				ENABLE_STRICT_OBJC_MSGSEND = YES;
				GCC_C_LANGUAGE_STANDARD = gnu11;
				GCC_NO_COMMON_BLOCKS = YES;
				GCC_WARN_64_TO_32_BIT_CONVERSION = YES;
				GCC_WARN_ABOUT_RETURN_TYPE = YES_ERROR;
				GCC_WARN_UNDECLARED_SELECTOR = YES;
				GCC_WARN_UNINITIALIZED_AUTOS = YES_AGGRESSIVE;
				GCC_WARN_UNUSED_FUNCTION = YES;
				GCC_WARN_UNUSED_VARIABLE = YES;
				IPHONEOS_DEPLOYMENT_TARGET = 16.0;
				MTL_ENABLE_DEBUG_INFO = NO;
				MTL_FAST_MATH = YES;
				SDKROOT = iphoneos;
				SWIFT_COMPILATION_MODE = wholemodule;
				SWIFT_OPTIMIZATION_LEVEL = "-O";
				VALIDATE_PRODUCT = YES;
			};
			name = Release;
		};
		4D6B5A5F28DBF87A00EF3345 /* Debug */ = {
			isa = XCBuildConfiguration;
			buildSettings = {
				ASSETCATALOG_COMPILER_APPICON_NAME = AppIcon;
				ASSETCATALOG_COMPILER_GLOBAL_ACCENT_COLOR_NAME = AccentColor;
				CODE_SIGN_STYLE = Automatic;
				CURRENT_PROJECT_VERSION = 1;
				GENERATE_INFOPLIST_FILE = YES;
				INFOPLIST_FILE = TestingDemo/Info.plist;
				INFOPLIST_KEY_UIApplicationSupportsIndirectInputEvents = YES;
				INFOPLIST_KEY_UILaunchStoryboardName = LaunchScreen;
				INFOPLIST_KEY_UIMainStoryboardFile = Main;
				INFOPLIST_KEY_UISupportedInterfaceOrientations_iPad = "UIInterfaceOrientationPortrait UIInterfaceOrientationPortraitUpsideDown UIInterfaceOrientationLandscapeLeft UIInterfaceOrientationLandscapeRight";
				INFOPLIST_KEY_UISupportedInterfaceOrientations_iPhone = "UIInterfaceOrientationPortrait UIInterfaceOrientationLandscapeLeft UIInterfaceOrientationLandscapeRight";
				LD_RUNPATH_SEARCH_PATHS = (
					"$(inherited)",
					"@executable_path/Frameworks",
				);
				MARKETING_VERSION = 1.0;
				PRODUCT_BUNDLE_IDENTIFIER = edu.usc.TestingDemo;
				PRODUCT_NAME = "$(TARGET_NAME)";
				SWIFT_EMIT_LOC_STRINGS = YES;
				SWIFT_VERSION = 5.0;
				TARGETED_DEVICE_FAMILY = "1,2";
			};
			name = Debug;
		};
		4D6B5A6028DBF87A00EF3345 /* Release */ = {
			isa = XCBuildConfiguration;
			buildSettings = {
				ASSETCATALOG_COMPILER_APPICON_NAME = AppIcon;
				ASSETCATALOG_COMPILER_GLOBAL_ACCENT_COLOR_NAME = AccentColor;
				CODE_SIGN_STYLE = Automatic;
				CURRENT_PROJECT_VERSION = 1;
				GENERATE_INFOPLIST_FILE = YES;
				INFOPLIST_FILE = TestingDemo/Info.plist;
				INFOPLIST_KEY_UIApplicationSupportsIndirectInputEvents = YES;
				INFOPLIST_KEY_UILaunchStoryboardName = LaunchScreen;
				INFOPLIST_KEY_UIMainStoryboardFile = Main;
				INFOPLIST_KEY_UISupportedInterfaceOrientations_iPad = "UIInterfaceOrientationPortrait UIInterfaceOrientationPortraitUpsideDown UIInterfaceOrientationLandscapeLeft UIInterfaceOrientationLandscapeRight";
				INFOPLIST_KEY_UISupportedInterfaceOrientations_iPhone = "UIInterfaceOrientationPortrait UIInterfaceOrientationLandscapeLeft UIInterfaceOrientationLandscapeRight";
				LD_RUNPATH_SEARCH_PATHS = (
					"$(inherited)",
					"@executable_path/Frameworks",
				);
				MARKETING_VERSION = 1.0;
				PRODUCT_BUNDLE_IDENTIFIER = edu.usc.TestingDemo;
				PRODUCT_NAME = "$(TARGET_NAME)";
				SWIFT_EMIT_LOC_STRINGS = YES;
				SWIFT_VERSION = 5.0;
				TARGETED_DEVICE_FAMILY = "1,2";
			};
			name = Release;
		};
		4D6B5A6228DBF87A00EF3345 /* Debug */ = {
			isa = XCBuildConfiguration;
			buildSettings = {
				ALWAYS_EMBED_SWIFT_STANDARD_LIBRARIES = YES;
				BUNDLE_LOADER = "$(TEST_HOST)";
				CODE_SIGN_STYLE = Automatic;
				CURRENT_PROJECT_VERSION = 1;
				GENERATE_INFOPLIST_FILE = YES;
				IPHONEOS_DEPLOYMENT_TARGET = 16.0;
				MARKETING_VERSION = 1.0;
				PRODUCT_BUNDLE_IDENTIFIER = edu.usc.TestingDemoTests;
				PRODUCT_NAME = "$(TARGET_NAME)";
				SWIFT_EMIT_LOC_STRINGS = NO;
				SWIFT_VERSION = 5.0;
				TARGETED_DEVICE_FAMILY = "1,2";
				TEST_HOST = "$(BUILT_PRODUCTS_DIR)/TestingDemo.app/$(BUNDLE_EXECUTABLE_FOLDER_PATH)/TestingDemo";
			};
			name = Debug;
		};
		4D6B5A6328DBF87A00EF3345 /* Release */ = {
			isa = XCBuildConfiguration;
			buildSettings = {
				ALWAYS_EMBED_SWIFT_STANDARD_LIBRARIES = YES;
				BUNDLE_LOADER = "$(TEST_HOST)";
				CODE_SIGN_STYLE = Automatic;
				CURRENT_PROJECT_VERSION = 1;
				GENERATE_INFOPLIST_FILE = YES;
				IPHONEOS_DEPLOYMENT_TARGET = 16.0;
				MARKETING_VERSION = 1.0;
				PRODUCT_BUNDLE_IDENTIFIER = edu.usc.TestingDemoTests;
				PRODUCT_NAME = "$(TARGET_NAME)";
				SWIFT_EMIT_LOC_STRINGS = NO;
				SWIFT_VERSION = 5.0;
				TARGETED_DEVICE_FAMILY = "1,2";
				TEST_HOST = "$(BUILT_PRODUCTS_DIR)/TestingDemo.app/$(BUNDLE_EXECUTABLE_FOLDER_PATH)/TestingDemo";
			};
			name = Release;
		};
		4D6B5A6528DBF87A00EF3345 /* Debug */ = {
			isa = XCBuildConfiguration;
			buildSettings = {
				ALWAYS_EMBED_SWIFT_STANDARD_LIBRARIES = YES;
				CODE_SIGN_STYLE = Automatic;
				CURRENT_PROJECT_VERSION = 1;
				GENERATE_INFOPLIST_FILE = YES;
				MARKETING_VERSION = 1.0;
				PRODUCT_BUNDLE_IDENTIFIER = edu.usc.TestingDemoUITests;
				PRODUCT_NAME = "$(TARGET_NAME)";
				SWIFT_EMIT_LOC_STRINGS = NO;
				SWIFT_VERSION = 5.0;
				TARGETED_DEVICE_FAMILY = "1,2";
				TEST_TARGET_NAME = TestingDemo;
			};
			name = Debug;
		};
		4D6B5A6628DBF87A00EF3345 /* Release */ = {
			isa = XCBuildConfiguration;
			buildSettings = {
				ALWAYS_EMBED_SWIFT_STANDARD_LIBRARIES = YES;
				CODE_SIGN_STYLE = Automatic;
				CURRENT_PROJECT_VERSION = 1;
				GENERATE_INFOPLIST_FILE = YES;
				MARKETING_VERSION = 1.0;
				PRODUCT_BUNDLE_IDENTIFIER = edu.usc.TestingDemoUITests;
				PRODUCT_NAME = "$(TARGET_NAME)";
				SWIFT_EMIT_LOC_STRINGS = NO;
				SWIFT_VERSION = 5.0;
				TARGETED_DEVICE_FAMILY = "1,2";
				TEST_TARGET_NAME = TestingDemo;
			};
			name = Release;
		};
/* End XCBuildConfiguration section */

/* Begin XCConfigurationList section */
		4D6B5A2F28DBF87800EF3345 /* Build configuration list for PBXProject "TestingDemo" */ = {
			isa = XCConfigurationList;
			buildConfigurations = (
				4D6B5A5C28DBF87A00EF3345 /* Debug */,
				4D6B5A5D28DBF87A00EF3345 /* Release */,
			);
			defaultConfigurationIsVisible = 0;
			defaultConfigurationName = Release;
		};
		4D6B5A5E28DBF87A00EF3345 /* Build configuration list for PBXNativeTarget "TestingDemo" */ = {
			isa = XCConfigurationList;
			buildConfigurations = (
				4D6B5A5F28DBF87A00EF3345 /* Debug */,
				4D6B5A6028DBF87A00EF3345 /* Release */,
			);
			defaultConfigurationIsVisible = 0;
			defaultConfigurationName = Release;
		};
		4D6B5A6128DBF87A00EF3345 /* Build configuration list for PBXNativeTarget "TestingDemoTests" */ = {
			isa = XCConfigurationList;
			buildConfigurations = (
				4D6B5A6228DBF87A00EF3345 /* Debug */,
				4D6B5A6328DBF87A00EF3345 /* Release */,
			);
			defaultConfigurationIsVisible = 0;
			defaultConfigurationName = Release;
		};
		4D6B5A6428DBF87A00EF3345 /* Build configuration list for PBXNativeTarget "TestingDemoUITests" */ = {
			isa = XCConfigurationList;
			buildConfigurations = (
				4D6B5A6528DBF87A00EF3345 /* Debug */,
				4D6B5A6628DBF87A00EF3345 /* Release */,
			);
			defaultConfigurationIsVisible = 0;
			defaultConfigurationName = Release;
		};
/* End XCConfigurationList section */
	};
	rootObject = 4D6B5A2C28DBF87800EF3345 /* Project object */;
}
