// !$*UTF8*$!
{
	archiveVersion = 1;
	classes = {
	};
	objectVersion = 56;
	objects = {

/* Begin PBXBuildFile section */
		4DAD263F28E27FA200FAA2A3 /* AppDelegate.swift in Sources */ = {isa = PBXBuildFile; fileRef = 4DAD263E28E27FA200FAA2A3 /* AppDelegate.swift */; };
		4DAD264128E27FA200FAA2A3 /* SceneDelegate.swift in Sources */ = {isa = PBXBuildFile; fileRef = 4DAD264028E27FA200FAA2A3 /* SceneDelegate.swift */; };
		4DAD264328E27FA200FAA2A3 /* ViewController.swift in Sources */ = {isa = PBXBuildFile; fileRef = 4DAD264228E27FA200FAA2A3 /* ViewController.swift */; };
		4DAD264628E27FA200FAA2A3 /* Main.storyboard in Resources */ = {isa = PBXBuildFile; fileRef = 4DAD264428E27FA200FAA2A3 /* Main.storyboard */; };
		4DAD264828E27FA400FAA2A3 /* Assets.xcassets in Resources */ = {isa = PBXBuildFile; fileRef = 4DAD264728E27FA400FAA2A3 /* Assets.xcassets */; };
		4DAD264B28E27FA400FAA2A3 /* LaunchScreen.storyboard in Resources */ = {isa = PBXBuildFile; fileRef = 4DAD264928E27FA400FAA2A3 /* LaunchScreen.storyboard */; };
		4DAD265628E27FA400FAA2A3 /* GesturesTests.swift in Sources */ = {isa = PBXBuildFile; fileRef = 4DAD265528E27FA400FAA2A3 /* GesturesTests.swift */; };
		4DAD266028E27FA400FAA2A3 /* GesturesUITests.swift in Sources */ = {isa = PBXBuildFile; fileRef = 4DAD265F28E27FA400FAA2A3 /* GesturesUITests.swift */; };
		4DAD266228E27FA400FAA2A3 /* GesturesUITestsLaunchTests.swift in Sources */ = {isa = PBXBuildFile; fileRef = 4DAD266128E27FA400FAA2A3 /* GesturesUITestsLaunchTests.swift */; };
/* End PBXBuildFile section */

/* Begin PBXContainerItemProxy section */
		4DAD265228E27FA400FAA2A3 /* PBXContainerItemProxy */ = {
			isa = PBXContainerItemProxy;
			containerPortal = 4DAD263328E27FA200FAA2A3 /* Project object */;
			proxyType = 1;
			remoteGlobalIDString = 4DAD263A28E27FA200FAA2A3;
			remoteInfo = Gestures;
		};
		4DAD265C28E27FA400FAA2A3 /* PBXContainerItemProxy */ = {
			isa = PBXContainerItemProxy;
			containerPortal = 4DAD263328E27FA200FAA2A3 /* Project object */;
			proxyType = 1;
			remoteGlobalIDString = 4DAD263A28E27FA200FAA2A3;
			remoteInfo = Gestures;
		};
/* End PBXContainerItemProxy section */

/* Begin PBXFileReference section */
		4DAD263B28E27FA200FAA2A3 /* Gestures.app */ = {isa = PBXFileReference; explicitFileType = wrapper.application; includeInIndex = 0; path = Gestures.app; sourceTree = BUILT_PRODUCTS_DIR; };
		4DAD263E28E27FA200FAA2A3 /* AppDelegate.swift */ = {isa = PBXFileReference; lastKnownFileType = sourcecode.swift; path = AppDelegate.swift; sourceTree = "<group>"; };
		4DAD264028E27FA200FAA2A3 /* SceneDelegate.swift */ = {isa = PBXFileReference; lastKnownFileType = sourcecode.swift; path = SceneDelegate.swift; sourceTree = "<group>"; };
		4DAD264228E27FA200FAA2A3 /* ViewController.swift */ = {isa = PBXFileReference; lastKnownFileType = sourcecode.swift; path = ViewController.swift; sourceTree = "<group>"; };
		4DAD264528E27FA200FAA2A3 /* Base */ = {isa = PBXFileReference; lastKnownFileType = file.storyboard; name = Base; path = Base.lproj/Main.storyboard; sourceTree = "<group>"; };
		4DAD264728E27FA400FAA2A3 /* Assets.xcassets */ = {isa = PBXFileReference; lastKnownFileType = folder.assetcatalog; path = Assets.xcassets; sourceTree = "<group>"; };
		4DAD264A28E27FA400FAA2A3 /* Base */ = {isa = PBXFileReference; lastKnownFileType = file.storyboard; name = Base; path = Base.lproj/LaunchScreen.storyboard; sourceTree = "<group>"; };
		4DAD264C28E27FA400FAA2A3 /* Info.plist */ = {isa = PBXFileReference; lastKnownFileType = text.plist.xml; path = Info.plist; sourceTree = "<group>"; };
		4DAD265128E27FA400FAA2A3 /* GesturesTests.xctest */ = {isa = PBXFileReference; explicitFileType = wrapper.cfbundle; includeInIndex = 0; path = GesturesTests.xctest; sourceTree = BUILT_PRODUCTS_DIR; };
		4DAD265528E27FA400FAA2A3 /* GesturesTests.swift */ = {isa = PBXFileReference; lastKnownFileType = sourcecode.swift; path = GesturesTests.swift; sourceTree = "<group>"; };
		4DAD265B28E27FA400FAA2A3 /* GesturesUITests.xctest */ = {isa = PBXFileReference; explicitFileType = wrapper.cfbundle; includeInIndex = 0; path = GesturesUITests.xctest; sourceTree = BUILT_PRODUCTS_DIR; };
		4DAD265F28E27FA400FAA2A3 /* GesturesUITests.swift */ = {isa = PBXFileReference; lastKnownFileType = sourcecode.swift; path = GesturesUITests.swift; sourceTree = "<group>"; };
		4DAD266128E27FA400FAA2A3 /* GesturesUITestsLaunchTests.swift */ = {isa = PBXFileReference; lastKnownFileType = sourcecode.swift; path = GesturesUITestsLaunchTests.swift; sourceTree = "<group>"; };
/* End PBXFileReference section */

/* Begin PBXFrameworksBuildPhase section */
		4DAD263828E27FA200FAA2A3 /* Frameworks */ = {
			isa = PBXFrameworksBuildPhase;
			buildActionMask = 2147483647;
			files = (
			);
			runOnlyForDeploymentPostprocessing = 0;
		};
		4DAD264E28E27FA400FAA2A3 /* Frameworks */ = {
			isa = PBXFrameworksBuildPhase;
			buildActionMask = 2147483647;
			files = (
			);
			runOnlyForDeploymentPostprocessing = 0;
		};
		4DAD265828E27FA400FAA2A3 /* Frameworks */ = {
			isa = PBXFrameworksBuildPhase;
			buildActionMask = 2147483647;
			files = (
			);
			runOnlyForDeploymentPostprocessing = 0;
		};
/* End PBXFrameworksBuildPhase section */

/* Begin PBXGroup section */
		4DAD263228E27FA200FAA2A3 = {
			isa = PBXGroup;
			children = (
				4DAD263D28E27FA200FAA2A3 /* Gestures */,
				4DAD265428E27FA400FAA2A3 /* GesturesTests */,
				4DAD265E28E27FA400FAA2A3 /* GesturesUITests */,
				4DAD263C28E27FA200FAA2A3 /* Products */,
			);
			sourceTree = "<group>";
		};
		4DAD263C28E27FA200FAA2A3 /* Products */ = {
			isa = PBXGroup;
			children = (
				4DAD263B28E27FA200FAA2A3 /* Gestures.app */,
				4DAD265128E27FA400FAA2A3 /* GesturesTests.xctest */,
				4DAD265B28E27FA400FAA2A3 /* GesturesUITests.xctest */,
			);
			name = Products;
			sourceTree = "<group>";
		};
		4DAD263D28E27FA200FAA2A3 /* Gestures */ = {
			isa = PBXGroup;
			children = (
				4DAD263E28E27FA200FAA2A3 /* AppDelegate.swift */,
				4DAD264028E27FA200FAA2A3 /* SceneDelegate.swift */,
				4DAD264228E27FA200FAA2A3 /* ViewController.swift */,
				4DAD264428E27FA200FAA2A3 /* Main.storyboard */,
				4DAD264728E27FA400FAA2A3 /* Assets.xcassets */,
				4DAD264928E27FA400FAA2A3 /* LaunchScreen.storyboard */,
				4DAD264C28E27FA400FAA2A3 /* Info.plist */,
			);
			path = Gestures;
			sourceTree = "<group>";
		};
		4DAD265428E27FA400FAA2A3 /* GesturesTests */ = {
			isa = PBXGroup;
			children = (
				4DAD265528E27FA400FAA2A3 /* GesturesTests.swift */,
			);
			path = GesturesTests;
			sourceTree = "<group>";
		};
		4DAD265E28E27FA400FAA2A3 /* GesturesUITests */ = {
			isa = PBXGroup;
			children = (
				4DAD265F28E27FA400FAA2A3 /* GesturesUITests.swift */,
				4DAD266128E27FA400FAA2A3 /* GesturesUITestsLaunchTests.swift */,
			);
			path = GesturesUITests;
			sourceTree = "<group>";
		};
/* End PBXGroup section */

/* Begin PBXNativeTarget section */
		4DAD263A28E27FA200FAA2A3 /* Gestures */ = {
			isa = PBXNativeTarget;
			buildConfigurationList = 4DAD266528E27FA400FAA2A3 /* Build configuration list for PBXNativeTarget "Gestures" */;
			buildPhases = (
				4DAD263728E27FA200FAA2A3 /* Sources */,
				4DAD263828E27FA200FAA2A3 /* Frameworks */,
				4DAD263928E27FA200FAA2A3 /* Resources */,
			);
			buildRules = (
			);
			dependencies = (
			);
			name = Gestures;
			productName = Gestures;
			productReference = 4DAD263B28E27FA200FAA2A3 /* Gestures.app */;
			productType = "com.apple.product-type.application";
		};
		4DAD265028E27FA400FAA2A3 /* GesturesTests */ = {
			isa = PBXNativeTarget;
			buildConfigurationList = 4DAD266828E27FA400FAA2A3 /* Build configuration list for PBXNativeTarget "GesturesTests" */;
			buildPhases = (
				4DAD264D28E27FA400FAA2A3 /* Sources */,
				4DAD264E28E27FA400FAA2A3 /* Frameworks */,
				4DAD264F28E27FA400FAA2A3 /* Resources */,
			);
			buildRules = (
			);
			dependencies = (
				4DAD265328E27FA400FAA2A3 /* PBXTargetDependency */,
			);
			name = GesturesTests;
			productName = GesturesTests;
			productReference = 4DAD265128E27FA400FAA2A3 /* GesturesTests.xctest */;
			productType = "com.apple.product-type.bundle.unit-test";
		};
		4DAD265A28E27FA400FAA2A3 /* GesturesUITests */ = {
			isa = PBXNativeTarget;
			buildConfigurationList = 4DAD266B28E27FA400FAA2A3 /* Build configuration list for PBXNativeTarget "GesturesUITests" */;
			buildPhases = (
				4DAD265728E27FA400FAA2A3 /* Sources */,
				4DAD265828E27FA400FAA2A3 /* Frameworks */,
				4DAD265928E27FA400FAA2A3 /* Resources */,
			);
			buildRules = (
			);
			dependencies = (
				4DAD265D28E27FA400FAA2A3 /* PBXTargetDependency */,
			);
			name = GesturesUITests;
			productName = GesturesUITests;
			productReference = 4DAD265B28E27FA400FAA2A3 /* GesturesUITests.xctest */;
			productType = "com.apple.product-type.bundle.ui-testing";
		};
/* End PBXNativeTarget section */

/* Begin PBXProject section */
		4DAD263328E27FA200FAA2A3 /* Project object */ = {
			isa = PBXProject;
			attributes = {
				BuildIndependentTargetsInParallel = 1;
				LastSwiftUpdateCheck = 1400;
				LastUpgradeCheck = 1400;
				TargetAttributes = {
					4DAD263A28E27FA200FAA2A3 = {
						CreatedOnToolsVersion = 14.0;
					};
					4DAD265028E27FA400FAA2A3 = {
						CreatedOnToolsVersion = 14.0;
						TestTargetID = 4DAD263A28E27FA200FAA2A3;
					};
					4DAD265A28E27FA400FAA2A3 = {
						CreatedOnToolsVersion = 14.0;
						TestTargetID = 4DAD263A28E27FA200FAA2A3;
					};
				};
			};
			buildConfigurationList = 4DAD263628E27FA200FAA2A3 /* Build configuration list for PBXProject "Gestures" */;
			compatibilityVersion = "Xcode 14.0";
			developmentRegion = en;
			hasScannedForEncodings = 0;
			knownRegions = (
				en,
				Base,
			);
			mainGroup = 4DAD263228E27FA200FAA2A3;
			productRefGroup = 4DAD263C28E27FA200FAA2A3 /* Products */;
			projectDirPath = "";
			projectRoot = "";
			targets = (
				4DAD263A28E27FA200FAA2A3 /* Gestures */,
				4DAD265028E27FA400FAA2A3 /* GesturesTests */,
				4DAD265A28E27FA400FAA2A3 /* GesturesUITests */,
			);
		};
/* End PBXProject section */

/* Begin PBXResourcesBuildPhase section */
		4DAD263928E27FA200FAA2A3 /* Resources */ = {
			isa = PBXResourcesBuildPhase;
			buildActionMask = 2147483647;
			files = (
				4DAD264B28E27FA400FAA2A3 /* LaunchScreen.storyboard in Resources */,
				4DAD264828E27FA400FAA2A3 /* Assets.xcassets in Resources */,
				4DAD264628E27FA200FAA2A3 /* Main.storyboard in Resources */,
			);
			runOnlyForDeploymentPostprocessing = 0;
		};
		4DAD264F28E27FA400FAA2A3 /* Resources */ = {
			isa = PBXResourcesBuildPhase;
			buildActionMask = 2147483647;
			files = (
			);
			runOnlyForDeploymentPostprocessing = 0;
		};
		4DAD265928E27FA400FAA2A3 /* Resources */ = {
			isa = PBXResourcesBuildPhase;
			buildActionMask = 2147483647;
			files = (
			);
			runOnlyForDeploymentPostprocessing = 0;
		};
/* End PBXResourcesBuildPhase section */

/* Begin PBXSourcesBuildPhase section */
		4DAD263728E27FA200FAA2A3 /* Sources */ = {
			isa = PBXSourcesBuildPhase;
			buildActionMask = 2147483647;
			files = (
				4DAD264328E27FA200FAA2A3 /* ViewController.swift in Sources */,
				4DAD263F28E27FA200FAA2A3 /* AppDelegate.swift in Sources */,
				4DAD264128E27FA200FAA2A3 /* SceneDelegate.swift in Sources */,
			);
			runOnlyForDeploymentPostprocessing = 0;
		};
		4DAD264D28E27FA400FAA2A3 /* Sources */ = {
			isa = PBXSourcesBuildPhase;
			buildActionMask = 2147483647;
			files = (
				4DAD265628E27FA400FAA2A3 /* GesturesTests.swift in Sources */,
			);
			runOnlyForDeploymentPostprocessing = 0;
		};
		4DAD265728E27FA400FAA2A3 /* Sources */ = {
			isa = PBXSourcesBuildPhase;
			buildActionMask = 2147483647;
			files = (
				4DAD266228E27FA400FAA2A3 /* GesturesUITestsLaunchTests.swift in Sources */,
				4DAD266028E27FA400FAA2A3 /* GesturesUITests.swift in Sources */,
			);
			runOnlyForDeploymentPostprocessing = 0;
		};
/* End PBXSourcesBuildPhase section */

/* Begin PBXTargetDependency section */
		4DAD265328E27FA400FAA2A3 /* PBXTargetDependency */ = {
			isa = PBXTargetDependency;
			target = 4DAD263A28E27FA200FAA2A3 /* Gestures */;
			targetProxy = 4DAD265228E27FA400FAA2A3 /* PBXContainerItemProxy */;
		};
		4DAD265D28E27FA400FAA2A3 /* PBXTargetDependency */ = {
			isa = PBXTargetDependency;
			target = 4DAD263A28E27FA200FAA2A3 /* Gestures */;
			targetProxy = 4DAD265C28E27FA400FAA2A3 /* PBXContainerItemProxy */;
		};
/* End PBXTargetDependency section */

/* Begin PBXVariantGroup section */
		4DAD264428E27FA200FAA2A3 /* Main.storyboard */ = {
			isa = PBXVariantGroup;
			children = (
				4DAD264528E27FA200FAA2A3 /* Base */,
			);
			name = Main.storyboard;
			sourceTree = "<group>";
		};
		4DAD264928E27FA400FAA2A3 /* LaunchScreen.storyboard */ = {
			isa = PBXVariantGroup;
			children = (
				4DAD264A28E27FA400FAA2A3 /* Base */,
			);
			name = LaunchScreen.storyboard;
			sourceTree = "<group>";
		};
/* End PBXVariantGroup section */

/* Begin XCBuildConfiguration section */
		4DAD266328E27FA400FAA2A3 /* Debug */ = {
			isa = XCBuildConfiguration;
			buildSettings = {
				ALWAYS_SEARCH_USER_PATHS = NO;
				CLANG_ANALYZER_NONNULL = YES;
				CLANG_ANALYZER_NUMBER_OBJECT_CONVERSION = YES_AGGRESSIVE;
				CLANG_CXX_LANGUAGE_STANDARD = "gnu++20";
				CLANG_ENABLE_MODULES = YES;
				CLANG_ENABLE_OBJC_ARC = YES;
				CLANG_ENABLE_OBJC_WEAK = YES;
				CLANG_WARN_BLOCK_CAPTURE_AUTORELEASING = YES;
				CLANG_WARN_BOOL_CONVERSION = YES;
				CLANG_WARN_COMMA = YES;
				CLANG_WARN_CONSTANT_CONVERSION = YES;
				CLANG_WARN_DEPRECATED_OBJC_IMPLEMENTATIONS = YES;
				CLANG_WARN_DIRECT_OBJC_ISA_USAGE = YES_ERROR;
				CLANG_WARN_DOCUMENTATION_COMMENTS = YES;
				CLANG_WARN_EMPTY_BODY = YES;
				CLANG_WARN_ENUM_CONVERSION = YES;
				CLANG_WARN_INFINITE_RECURSION = YES;
				CLANG_WARN_INT_CONVERSION = YES;
				CLANG_WARN_NON_LITERAL_NULL_CONVERSION = YES;
				CLANG_WARN_OBJC_IMPLICIT_RETAIN_SELF = YES;
				CLANG_WARN_OBJC_LITERAL_CONVERSION = YES;
				CLANG_WARN_OBJC_ROOT_CLASS = YES_ERROR;
				CLANG_WARN_QUOTED_INCLUDE_IN_FRAMEWORK_HEADER = YES;
				CLANG_WARN_RANGE_LOOP_ANALYSIS = YES;
				CLANG_WARN_STRICT_PROTOTYPES = YES;
				CLANG_WARN_SUSPICIOUS_MOVE = YES;
				CLANG_WARN_UNGUARDED_AVAILABILITY = YES_AGGRESSIVE;
				CLANG_WARN_UNREACHABLE_CODE = YES;
				CLANG_WARN__DUPLICATE_METHOD_MATCH = YES;
				COPY_PHASE_STRIP = NO;
				DEBUG_INFORMATION_FORMAT = dwarf;
				ENABLE_STRICT_OBJC_MSGSEND = YES;
				ENABLE_TESTABILITY = YES;
				GCC_C_LANGUAGE_STANDARD = gnu11;
				GCC_DYNAMIC_NO_PIC = NO;
				GCC_NO_COMMON_BLOCKS = YES;
				GCC_OPTIMIZATION_LEVEL = 0;
				GCC_PREPROCESSOR_DEFINITIONS = (
					"DEBUG=1",
					"$(inherited)",
				);
				GCC_WARN_64_TO_32_BIT_CONVERSION = YES;
				GCC_WARN_ABOUT_RETURN_TYPE = YES_ERROR;
				GCC_WARN_UNDECLARED_SELECTOR = YES;
				GCC_WARN_UNINITIALIZED_AUTOS = YES_AGGRESSIVE;
				GCC_WARN_UNUSED_FUNCTION = YES;
				GCC_WARN_UNUSED_VARIABLE = YES;
				IPHONEOS_DEPLOYMENT_TARGET = 16.0;
				MTL_ENABLE_DEBUG_INFO = INCLUDE_SOURCE;
				MTL_FAST_MATH = YES;
				ONLY_ACTIVE_ARCH = YES;
				SDKROOT = iphoneos;
				SWIFT_ACTIVE_COMPILATION_CONDITIONS = DEBUG;
				SWIFT_OPTIMIZATION_LEVEL = "-Onone";
			};
			name = Debug;
		};
		4DAD266428E27FA400FAA2A3 /* Release */ = {
			isa = XCBuildConfiguration;
			buildSettings = {
				ALWAYS_SEARCH_USER_PATHS = NO;
				CLANG_ANALYZER_NONNULL = YES;
				CLANG_ANALYZER_NUMBER_OBJECT_CONVERSION = YES_AGGRESSIVE;
				CLANG_CXX_LANGUAGE_STANDARD = "gnu++20";
				CLANG_ENABLE_MODULES = YES;
				CLANG_ENABLE_OBJC_ARC = YES;
				CLANG_ENABLE_OBJC_WEAK = YES;
				CLANG_WARN_BLOCK_CAPTURE_AUTORELEASING = YES;
				CLANG_WARN_BOOL_CONVERSION = YES;
				CLANG_WARN_COMMA = YES;
				CLANG_WARN_CONSTANT_CONVERSION = YES;
				CLANG_WARN_DEPRECATED_OBJC_IMPLEMENTATIONS = YES;
				CLANG_WARN_DIRECT_OBJC_ISA_USAGE = YES_ERROR;
				CLANG_WARN_DOCUMENTATION_COMMENTS = YES;
				CLANG_WARN_EMPTY_BODY = YES;
				CLANG_WARN_ENUM_CONVERSION = YES;
				CLANG_WARN_INFINITE_RECURSION = YES;
				CLANG_WARN_INT_CONVERSION = YES;
				CLANG_WARN_NON_LITERAL_NULL_CONVERSION = YES;
				CLANG_WARN_OBJC_IMPLICIT_RETAIN_SELF = YES;
				CLANG_WARN_OBJC_LITERAL_CONVERSION = YES;
				CLANG_WARN_OBJC_ROOT_CLASS = YES_ERROR;
				CLANG_WARN_QUOTED_INCLUDE_IN_FRAMEWORK_HEADER = YES;
				CLANG_WARN_RANGE_LOOP_ANALYSIS = YES;
				CLANG_WARN_STRICT_PROTOTYPES = YES;
				CLANG_WARN_SUSPICIOUS_MOVE = YES;
				CLANG_WARN_UNGUARDED_AVAILABILITY = YES_AGGRESSIVE;
				CLANG_WARN_UNREACHABLE_CODE = YES;
				CLANG_WARN__DUPLICATE_METHOD_MATCH = YES;
				COPY_PHASE_STRIP = NO;
				DEBUG_INFORMATION_FORMAT = "dwarf-with-dsym";
				ENABLE_NS_ASSERTIONS = NO;
				ENABLE_STRICT_OBJC_MSGSEND = YES;
				GCC_C_LANGUAGE_STANDARD = gnu11;
				GCC_NO_COMMON_BLOCKS = YES;
				GCC_WARN_64_TO_32_BIT_CONVERSION = YES;
				GCC_WARN_ABOUT_RETURN_TYPE = YES_ERROR;
				GCC_WARN_UNDECLARED_SELECTOR = YES;
				GCC_WARN_UNINITIALIZED_AUTOS = YES_AGGRESSIVE;
				GCC_WARN_UNUSED_FUNCTION = YES;
				GCC_WARN_UNUSED_VARIABLE = YES;
				IPHONEOS_DEPLOYMENT_TARGET = 16.0;
				MTL_ENABLE_DEBUG_INFO = NO;
				MTL_FAST_MATH = YES;
				SDKROOT = iphoneos;
				SWIFT_COMPILATION_MODE = wholemodule;
				SWIFT_OPTIMIZATION_LEVEL = "-O";
				VALIDATE_PRODUCT = YES;
			};
			name = Release;
		};
		4DAD266628E27FA400FAA2A3 /* Debug */ = {
			isa = XCBuildConfiguration;
			buildSettings = {
				ASSETCATALOG_COMPILER_APPICON_NAME = AppIcon;
				ASSETCATALOG_COMPILER_GLOBAL_ACCENT_COLOR_NAME = AccentColor;
				CODE_SIGN_STYLE = Automatic;
				CURRENT_PROJECT_VERSION = 1;
				GENERATE_INFOPLIST_FILE = YES;
				INFOPLIST_FILE = Gestures/Info.plist;
				INFOPLIST_KEY_UIApplicationSupportsIndirectInputEvents = YES;
				INFOPLIST_KEY_UILaunchStoryboardName = LaunchScreen;
				INFOPLIST_KEY_UIMainStoryboardFile = Main;
				INFOPLIST_KEY_UISupportedInterfaceOrientations_iPad = "UIInterfaceOrientationPortrait UIInterfaceOrientationPortraitUpsideDown UIInterfaceOrientationLandscapeLeft UIInterfaceOrientationLandscapeRight";
				INFOPLIST_KEY_UISupportedInterfaceOrientations_iPhone = "UIInterfaceOrientationPortrait UIInterfaceOrientationLandscapeLeft UIInterfaceOrientationLandscapeRight";
				LD_RUNPATH_SEARCH_PATHS = (
					"$(inherited)",
					"@executable_path/Frameworks",
				);
				MARKETING_VERSION = 1.0;
				PRODUCT_BUNDLE_IDENTIFIER = edu.usc.Gestures;
				PRODUCT_NAME = "$(TARGET_NAME)";
				SWIFT_EMIT_LOC_STRINGS = YES;
				SWIFT_VERSION = 5.0;
				TARGETED_DEVICE_FAMILY = "1,2";
			};
			name = Debug;
		};
		4DAD266728E27FA400FAA2A3 /* Release */ = {
			isa = XCBuildConfiguration;
			buildSettings = {
				ASSETCATALOG_COMPILER_APPICON_NAME = AppIcon;
				ASSETCATALOG_COMPILER_GLOBAL_ACCENT_COLOR_NAME = AccentColor;
				CODE_SIGN_STYLE = Automatic;
				CURRENT_PROJECT_VERSION = 1;
				GENERATE_INFOPLIST_FILE = YES;
				INFOPLIST_FILE = Gestures/Info.plist;
				INFOPLIST_KEY_UIApplicationSupportsIndirectInputEvents = YES;
				INFOPLIST_KEY_UILaunchStoryboardName = LaunchScreen;
				INFOPLIST_KEY_UIMainStoryboardFile = Main;
				INFOPLIST_KEY_UISupportedInterfaceOrientations_iPad = "UIInterfaceOrientationPortrait UIInterfaceOrientationPortraitUpsideDown UIInterfaceOrientationLandscapeLeft UIInterfaceOrientationLandscapeRight";
				INFOPLIST_KEY_UISupportedInterfaceOrientations_iPhone = "UIInterfaceOrientationPortrait UIInterfaceOrientationLandscapeLeft UIInterfaceOrientationLandscapeRight";
				LD_RUNPATH_SEARCH_PATHS = (
					"$(inherited)",
					"@executable_path/Frameworks",
				);
				MARKETING_VERSION = 1.0;
				PRODUCT_BUNDLE_IDENTIFIER = edu.usc.Gestures;
				PRODUCT_NAME = "$(TARGET_NAME)";
				SWIFT_EMIT_LOC_STRINGS = YES;
				SWIFT_VERSION = 5.0;
				TARGETED_DEVICE_FAMILY = "1,2";
			};
			name = Release;
		};
		4DAD266928E27FA400FAA2A3 /* Debug */ = {
			isa = XCBuildConfiguration;
			buildSettings = {
				ALWAYS_EMBED_SWIFT_STANDARD_LIBRARIES = YES;
				BUNDLE_LOADER = "$(TEST_HOST)";
				CODE_SIGN_STYLE = Automatic;
				CURRENT_PROJECT_VERSION = 1;
				GENERATE_INFOPLIST_FILE = YES;
				IPHONEOS_DEPLOYMENT_TARGET = 16.0;
				MARKETING_VERSION = 1.0;
				PRODUCT_BUNDLE_IDENTIFIER = edu.usc.GesturesTests;
				PRODUCT_NAME = "$(TARGET_NAME)";
				SWIFT_EMIT_LOC_STRINGS = NO;
				SWIFT_VERSION = 5.0;
				TARGETED_DEVICE_FAMILY = "1,2";
				TEST_HOST = "$(BUILT_PRODUCTS_DIR)/Gestures.app/$(BUNDLE_EXECUTABLE_FOLDER_PATH)/Gestures";
			};
			name = Debug;
		};
		4DAD266A28E27FA400FAA2A3 /* Release */ = {
			isa = XCBuildConfiguration;
			buildSettings = {
				ALWAYS_EMBED_SWIFT_STANDARD_LIBRARIES = YES;
				BUNDLE_LOADER = "$(TEST_HOST)";
				CODE_SIGN_STYLE = Automatic;
				CURRENT_PROJECT_VERSION = 1;
				GENERATE_INFOPLIST_FILE = YES;
				IPHONEOS_DEPLOYMENT_TARGET = 16.0;
				MARKETING_VERSION = 1.0;
				PRODUCT_BUNDLE_IDENTIFIER = edu.usc.GesturesTests;
				PRODUCT_NAME = "$(TARGET_NAME)";
				SWIFT_EMIT_LOC_STRINGS = NO;
				SWIFT_VERSION = 5.0;
				TARGETED_DEVICE_FAMILY = "1,2";
				TEST_HOST = "$(BUILT_PRODUCTS_DIR)/Gestures.app/$(BUNDLE_EXECUTABLE_FOLDER_PATH)/Gestures";
			};
			name = Release;
		};
		4DAD266C28E27FA400FAA2A3 /* Debug */ = {
			isa = XCBuildConfiguration;
			buildSettings = {
				ALWAYS_EMBED_SWIFT_STANDARD_LIBRARIES = YES;
				CODE_SIGN_STYLE = Automatic;
				CURRENT_PROJECT_VERSION = 1;
				GENERATE_INFOPLIST_FILE = YES;
				MARKETING_VERSION = 1.0;
				PRODUCT_BUNDLE_IDENTIFIER = edu.usc.GesturesUITests;
				PRODUCT_NAME = "$(TARGET_NAME)";
				SWIFT_EMIT_LOC_STRINGS = NO;
				SWIFT_VERSION = 5.0;
				TARGETED_DEVICE_FAMILY = "1,2";
				TEST_TARGET_NAME = Gestures;
			};
			name = Debug;
		};
		4DAD266D28E27FA400FAA2A3 /* Release */ = {
			isa = XCBuildConfiguration;
			buildSettings = {
				ALWAYS_EMBED_SWIFT_STANDARD_LIBRARIES = YES;
				CODE_SIGN_STYLE = Automatic;
				CURRENT_PROJECT_VERSION = 1;
				GENERATE_INFOPLIST_FILE = YES;
				MARKETING_VERSION = 1.0;
				PRODUCT_BUNDLE_IDENTIFIER = edu.usc.GesturesUITests;
				PRODUCT_NAME = "$(TARGET_NAME)";
				SWIFT_EMIT_LOC_STRINGS = NO;
				SWIFT_VERSION = 5.0;
				TARGETED_DEVICE_FAMILY = "1,2";
				TEST_TARGET_NAME = Gestures;
			};
			name = Release;
		};
/* End XCBuildConfiguration section */

/* Begin XCConfigurationList section */
		4DAD263628E27FA200FAA2A3 /* Build configuration list for PBXProject "Gestures" */ = {
			isa = XCConfigurationList;
			buildConfigurations = (
				4DAD266328E27FA400FAA2A3 /* Debug */,
				4DAD266428E27FA400FAA2A3 /* Release */,
			);
			defaultConfigurationIsVisible = 0;
			defaultConfigurationName = Release;
		};
		4DAD266528E27FA400FAA2A3 /* Build configuration list for PBXNativeTarget "Gestures" */ = {
			isa = XCConfigurationList;
			buildConfigurations = (
				4DAD266628E27FA400FAA2A3 /* Debug */,
				4DAD266728E27FA400FAA2A3 /* Release */,
			);
			defaultConfigurationIsVisible = 0;
			defaultConfigurationName = Release;
		};
		4DAD266828E27FA400FAA2A3 /* Build configuration list for PBXNativeTarget "GesturesTests" */ = {
			isa = XCConfigurationList;
			buildConfigurations = (
				4DAD266928E27FA400FAA2A3 /* Debug */,
				4DAD266A28E27FA400FAA2A3 /* Release */,
			);
			defaultConfigurationIsVisible = 0;
			defaultConfigurationName = Release;
		};
		4DAD266B28E27FA400FAA2A3 /* Build configuration list for PBXNativeTarget "GesturesUITests" */ = {
			isa = XCConfigurationList;
			buildConfigurations = (
				4DAD266C28E27FA400FAA2A3 /* Debug */,
				4DAD266D28E27FA400FAA2A3 /* Release */,
			);
			defaultConfigurationIsVisible = 0;
			defaultConfigurationName = Release;
		};
/* End XCConfigurationList section */
	};
	rootObject = 4DAD263328E27FA200FAA2A3 /* Project object */;
}
